
Microsoft Visual Studio Solution File, Format Version 12.00
# Visual Studio Version 17
VisualStudioVersion = 17.1.32210.238
MinimumVisualStudioVersion = 10.0.40219.1
Project("{FAE04EC0-301F-11D3-BF4B-00C04F79EFBC}") = "LorendisCore", "LorendisCore\LorendisCore.csproj", "{DEE48793-6CAC-4874-89E5-C5FBEC8B4826}"
EndProject
Global
	GlobalSection(SolutionConfigurationPlatforms) = preSolution
		Debug|Any CPU = Debug|Any CPU
		Release|Any CPU = Release|Any CPU
	EndGlobalSection
	GlobalSection(ProjectConfigurationPlatforms) = postSolution
		{DEE48793-6CAC-4874-89E5-C5FBEC8B4826}.Debug|Any CPU.ActiveCfg = Debug|Any CPU
		{DEE48793-6CAC-4874-89E5-C5FBEC8B4826}.Debug|Any CPU.Build.0 = Debug|Any CPU
		{DEE48793-6CAC-4874-89E5-C5FBEC8B4826}.Release|Any CPU.ActiveCfg = Release|Any CPU
		{DEE48793-6CAC-4874-89E5-C5FBEC8B4826}.Release|Any CPU.Build.0 = Release|Any CPU
	EndGlobalSection
	GlobalSection(SolutionProperties) = preSolution
		HideSolutionNode = FALSE
	EndGlobalSection
	GlobalSection(ExtensibilityGlobals) = postSolution
		SolutionGuid = {00490D25-FD85-4AAD-9DD2-007EC7D8F97D}
	EndGlobalSection
EndGlobal
